
Microsoft Visual Studio Solution File, Format Version 12.00
# Visual Studio 15
Project("{FAE04EC0-301F-11D3-BF4B-00C04F79EFBC}") = "UnityEngine.UI", "UnityEngine.UI.csproj", "{4252ECB3-8325-7475-6DD3-B22E5B99E9E6}"
EndProject
Project("{FAE04EC0-301F-11D3-BF4B-00C04F79EFBC}") = "UnityEngine.SpatialTracking", "UnityEngine.SpatialTracking.csproj", "{E52F5DEF-74B4-7490-2952-5A8B2D084BAC}"
EndProject
Project("{FAE04EC0-301F-11D3-BF4B-00C04F79EFBC}") = "Unity.RenderPipelines.Core.Runtime", "Unity.RenderPipelines.Core.Runtime.csproj", "{BFFC861F-EB03-9F2B-E17A-10647BFF70F4}"
EndProject
Project("{FAE04EC0-301F-11D3-BF4B-00C04F79EFBC}") = "UnityEngine.TestRunner", "UnityEngine.TestRunner.csproj", "{5FDC0B11-945E-B4C9-B1C7-125CA3EBF3EF}"
EndProject
Project("{FAE04EC0-301F-11D3-BF4B-00C04F79EFBC}") = "Unity.XR.WindowsMixedReality", "Unity.XR.WindowsMixedReality.csproj", "{08B48B34-AFD0-4B0E-47FF-56199769543D}"
EndProject
Project("{FAE04EC0-301F-11D3-BF4B-00C04F79EFBC}") = "Unity.Mathematics", "Unity.Mathematics.csproj", "{ACC7B7F9-9EA4-B5AD-A2B3-3F1C0523C1A8}"
EndProject
Project("{FAE04EC0-301F-11D3-BF4B-00C04F79EFBC}") = "Unity.XR.ARFoundation", "Unity.XR.ARFoundation.csproj", "{2013C462-A569-7067-0B98-FA422E0A3879}"
EndProject
Project("{FAE04EC0-301F-11D3-BF4B-00C04F79EFBC}") = "Unity.XR.ARKit", "Unity.XR.ARKit.csproj", "{3D801EA5-F838-BE1D-4C6B-994674DB475C}"
EndProject
Project("{FAE04EC0-301F-11D3-BF4B-00C04F79EFBC}") = "Unity.XR.ARSubsystems", "Unity.XR.ARSubsystems.csproj", "{39669D08-7C76-1585-828C-E7E49340F523}"
EndProject
Project("{FAE04EC0-301F-11D3-BF4B-00C04F79EFBC}") = "Unity.XR.ARCore", "Unity.XR.ARCore.csproj", "{3ECF751B-00D6-ABC3-2163-4FCE8FB6B732}"
EndProject
Project("{FAE04EC0-301F-11D3-BF4B-00C04F79EFBC}") = "Unity.RenderPipelines.Universal.Runtime", "Unity.RenderPipelines.Universal.Runtime.csproj", "{67B9D605-09DC-8564-1625-C827C618CA19}"
EndProject
Project("{FAE04EC0-301F-11D3-BF4B-00C04F79EFBC}") = "UnityEngine.XR.MagicLeap", "UnityEngine.XR.MagicLeap.csproj", "{1909E9DB-2170-F6DB-3998-3FA2231EBF18}"
EndProject
Project("{FAE04EC0-301F-11D3-BF4B-00C04F79EFBC}") = "UnityEngine.XR.LegacyInputHelpers", "UnityEngine.XR.LegacyInputHelpers.csproj", "{266A45C5-A39E-3690-4756-11F3134C09F0}"
EndProject
Project("{FAE04EC0-301F-11D3-BF4B-00C04F79EFBC}") = "Unity.TextMeshPro", "Unity.TextMeshPro.csproj", "{61FDB8AA-3DAF-E8C4-E6D3-584182890BD7}"
EndProject
Project("{FAE04EC0-301F-11D3-BF4B-00C04F79EFBC}") = "Unity.Timeline", "Unity.Timeline.csproj", "{3C21CB90-597F-818C-0C82-0B6D89A8CA6F}"
EndProject
Project("{FAE04EC0-301F-11D3-BF4B-00C04F79EFBC}") = "Assembly-CSharp", "Assembly-CSharp.csproj", "{E8666AC5-BA55-F3C8-10E6-570B5DD6DF7A}"
EndProject
Project("{FAE04EC0-301F-11D3-BF4B-00C04F79EFBC}") = "Unity.XR.Management", "Unity.XR.Management.csproj", "{8E6F9C3E-8351-365C-2124-EC7AC03A0C94}"
EndProject
Project("{FAE04EC0-301F-11D3-BF4B-00C04F79EFBC}") = "Unity.InteractiveTutorials.Core.Scripts", "Unity.InteractiveTutorials.Core.Scripts.csproj", "{0D023047-2877-FAC0-05DE-18F37F26D68F}"
EndProject
Project("{FAE04EC0-301F-11D3-BF4B-00C04F79EFBC}") = "Unity.XR.InteractionSubsystems", "Unity.XR.InteractionSubsystems.csproj", "{B0FEE833-DB55-82A4-912F-526B6652983A}"
EndProject
Project("{FAE04EC0-301F-11D3-BF4B-00C04F79EFBC}") = "Unity.RenderPipelines.Core.ShaderLibrary", "Unity.RenderPipelines.Core.ShaderLibrary.csproj", "{F57F2527-BD1C-6223-42C9-0911E5F62796}"
EndProject
Project("{FAE04EC0-301F-11D3-BF4B-00C04F79EFBC}") = "Unity.RenderPipeline.Universal.ShaderLibrary", "Unity.RenderPipeline.Universal.ShaderLibrary.csproj", "{A95B3CCA-0852-8206-3911-A82A8A3FDE9B}"
EndProject
Project("{FAE04EC0-301F-11D3-BF4B-00C04F79EFBC}") = "Unity.Subsystem.Registration", "Unity.Subsystem.Registration.csproj", "{E0176BF8-6BBE-6D43-4FC0-6337B305208C}"
EndProject
Project("{FAE04EC0-301F-11D3-BF4B-00C04F79EFBC}") = "Unity.RenderPipelines.Universal.Shaders", "Unity.RenderPipelines.Universal.Shaders.csproj", "{AA195425-F811-DB75-A773-9EEAAA65A036}"
EndProject
Project("{FAE04EC0-301F-11D3-BF4B-00C04F79EFBC}") = "Unity.RenderPipelines.ShaderGraph.ShaderGraphLibrary", "Unity.RenderPipelines.ShaderGraph.ShaderGraphLibrary.csproj", "{1DECA08B-F29C-BD81-1F06-F2CD70155449}"
EndProject
Project("{FAE04EC0-301F-11D3-BF4B-00C04F79EFBC}") = "Unity.PlasticSCM.Editor", "Unity.PlasticSCM.Editor.csproj", "{58A81F05-BCFB-1F98-9CFC-CC0A4470B529}"
EndProject
Project("{FAE04EC0-301F-11D3-BF4B-00C04F79EFBC}") = "Unity.ShaderGraph.Editor", "Unity.ShaderGraph.Editor.csproj", "{F4DC063B-FA13-A2CE-9C41-40795F6B0DAC}"
EndProject
Project("{FAE04EC0-301F-11D3-BF4B-00C04F79EFBC}") = "Unity.VisualStudio.Editor", "Unity.VisualStudio.Editor.csproj", "{9AD2273E-0893-3033-924E-0AF79E6E72DC}"
EndProject
Project("{FAE04EC0-301F-11D3-BF4B-00C04F79EFBC}") = "Unity.Timeline.Editor", "Unity.Timeline.Editor.csproj", "{58C3790B-477B-39DD-B5B0-6F08D4156EF7}"
EndProject
Project("{FAE04EC0-301F-11D3-BF4B-00C04F79EFBC}") = "Unity.TextMeshPro.Editor", "Unity.TextMeshPro.Editor.csproj", "{37D2F35A-B9B8-4FA7-70AD-784D73ED7BAD}"
EndProject
Project("{FAE04EC0-301F-11D3-BF4B-00C04F79EFBC}") = "Unity.CollabProxy.Editor", "Unity.CollabProxy.Editor.csproj", "{F9A456B0-CEC0-C099-DDE8-4B3AC68D118A}"
EndProject
Project("{FAE04EC0-301F-11D3-BF4B-00C04F79EFBC}") = "UnityEditor.TestRunner", "UnityEditor.TestRunner.csproj", "{FF8BA0C9-0F47-D1BB-745E-80D9AF674E65}"
EndProject
Project("{FAE04EC0-301F-11D3-BF4B-00C04F79EFBC}") = "Unity.InteractiveTutorials.Core", "Unity.InteractiveTutorials.Core.csproj", "{70137427-5CA2-B532-1CA3-A5967568F8E3}"
EndProject
Project("{FAE04EC0-301F-11D3-BF4B-00C04F79EFBC}") = "Unity.Rider.Editor", "Unity.Rider.Editor.csproj", "{1894B8CE-45A7-A94D-D411-FFB1B58DD9EE}"
EndProject
Project("{FAE04EC0-301F-11D3-BF4B-00C04F79EFBC}") = "UnityEditor.InteractiveTutorialsFramework", "UnityEditor.InteractiveTutorialsFramework.csproj", "{146983CE-2C3D-1115-BA68-9DDB2E67D661}"
EndProject
Project("{FAE04EC0-301F-11D3-BF4B-00C04F79EFBC}") = "UnityEditor.XR.MagicLeap", "UnityEditor.XR.MagicLeap.csproj", "{726FDEC9-DF38-C4F2-9FC0-DC4E5CC2EC06}"
EndProject
Project("{FAE04EC0-301F-11D3-BF4B-00C04F79EFBC}") = "Unity.RenderPipelines.Universal.Editor", "Unity.RenderPipelines.Universal.Editor.csproj", "{F15CCFAD-76E7-4A36-4392-2D8969CD17A1}"
EndProject
Project("{FAE04EC0-301F-11D3-BF4B-00C04F79EFBC}") = "Unity.XR.ARKit.Editor", "Unity.XR.ARKit.Editor.csproj", "{04941B08-F942-394C-7754-36ED3B871C00}"
EndProject
Project("{FAE04EC0-301F-11D3-BF4B-00C04F79EFBC}") = "Unity.RenderPipelines.Core.Editor", "Unity.RenderPipelines.Core.Editor.csproj", "{3CF4C014-E53B-E648-8681-711A71A772B7}"
EndProject
Project("{FAE04EC0-301F-11D3-BF4B-00C04F79EFBC}") = "Unity.Searcher.Editor", "Unity.Searcher.Editor.csproj", "{9C4B2DAF-2F72-AE4B-B109-C31D0C393DCE}"
EndProject
Project("{FAE04EC0-301F-11D3-BF4B-00C04F79EFBC}") = "Unity.XR.Management.Editor", "Unity.XR.Management.Editor.csproj", "{C8BE0A17-1115-17DD-7EDA-F454D8045EA4}"
EndProject
Project("{FAE04EC0-301F-11D3-BF4B-00C04F79EFBC}") = "Unity.VSCode.Editor", "Unity.VSCode.Editor.csproj", "{95331C35-4A3A-2414-C2D8-1BBE359C4590}"
EndProject
Project("{FAE04EC0-301F-11D3-BF4B-00C04F79EFBC}") = "UnityEditor.UI", "UnityEditor.UI.csproj", "{F8669DE5-0FDF-8856-0073-5237BE6DDD9B}"
EndProject
Project("{FAE04EC0-301F-11D3-BF4B-00C04F79EFBC}") = "Unity.EditorCoroutines.Editor", "Unity.EditorCoroutines.Editor.csproj", "{9B499809-8919-3102-6C1B-DF9D07C2E1B4}"
EndProject
Project("{FAE04EC0-301F-11D3-BF4B-00C04F79EFBC}") = "Unity.Settings.Editor", "Unity.Settings.Editor.csproj", "{610A1F1E-24D1-7A6F-4150-99AFC9439F5B}"
EndProject
Project("{FAE04EC0-301F-11D3-BF4B-00C04F79EFBC}") = "UnityEditor.SpatialTracking", "UnityEditor.SpatialTracking.csproj", "{3BA8448A-49B3-D3B3-D44C-0C36B5A71789}"
EndProject
Project("{FAE04EC0-301F-11D3-BF4B-00C04F79EFBC}") = "Unity.XR.ARCore.Editor", "Unity.XR.ARCore.Editor.csproj", "{9ECBB68D-87BC-8716-6DEA-6E5330436B5B}"
EndProject
Project("{FAE04EC0-301F-11D3-BF4B-00C04F79EFBC}") = "Unity.XR.ARFoundation.Editor", "Unity.XR.ARFoundation.Editor.csproj", "{15334E72-E659-D2D6-DA75-A3703B75B02F}"
EndProject
Project("{FAE04EC0-301F-11D3-BF4B-00C04F79EFBC}") = "Unity.Mathematics.Editor", "Unity.Mathematics.Editor.csproj", "{20D1399A-75B4-FB00-2EAC-D539F90CC0A6}"
EndProject
Project("{FAE04EC0-301F-11D3-BF4B-00C04F79EFBC}") = "UnityEditor.XR.LegacyInputHelpers", "UnityEditor.XR.LegacyInputHelpers.csproj", "{BD6B57FE-9168-AE7E-4215-B546B37F79E7}"
EndProject
Project("{FAE04EC0-301F-11D3-BF4B-00C04F79EFBC}") = "Unity.XR.WindowsMixedReality.Editor", "Unity.XR.WindowsMixedReality.Editor.csproj", "{1EF9D8A1-B442-0D3C-7423-CA365BD51201}"
EndProject
Project("{FAE04EC0-301F-11D3-BF4B-00C04F79EFBC}") = "Unity.XR.ARSubsystems.Editor", "Unity.XR.ARSubsystems.Editor.csproj", "{DEDE599B-1513-93C5-2F88-F324AD9E5F75}"
EndProject
Project("{FAE04EC0-301F-11D3-BF4B-00C04F79EFBC}") = "Unity.ShaderGraph.Utilities", "Unity.ShaderGraph.Utilities.csproj", "{8E1C5A32-A23A-0A3E-659D-0282E832998E}"
EndProject
Project("{FAE04EC0-301F-11D3-BF4B-00C04F79EFBC}") = "Unity.InternalAPIEditorBridge.005", "Unity.InternalAPIEditorBridge.005.csproj", "{CB0355F5-A6A7-DBEC-6D75-19698FECE127}"
EndProject
Global
	GlobalSection(SolutionConfigurationPlatforms) = preSolution
		Debug|Any CPU = Debug|Any CPU
		Release|Any CPU = Release|Any CPU
	EndGlobalSection
	GlobalSection(ProjectConfigurationPlatforms) = postSolution
		{4252ECB3-8325-7475-6DD3-B22E5B99E9E6}.Debug|Any CPU.ActiveCfg = Debug|Any CPU
		{4252ECB3-8325-7475-6DD3-B22E5B99E9E6}.Debug|Any CPU.Build.0 = Debug|Any CPU
		{4252ECB3-8325-7475-6DD3-B22E5B99E9E6}.Release|Any CPU.ActiveCfg = Release|Any CPU
		{4252ECB3-8325-7475-6DD3-B22E5B99E9E6}.Release|Any CPU.Build.0 = Release|Any CPU
		{E52F5DEF-74B4-7490-2952-5A8B2D084BAC}.Debug|Any CPU.ActiveCfg = Debug|Any CPU
		{E52F5DEF-74B4-7490-2952-5A8B2D084BAC}.Debug|Any CPU.Build.0 = Debug|Any CPU
		{E52F5DEF-74B4-7490-2952-5A8B2D084BAC}.Release|Any CPU.ActiveCfg = Release|Any CPU
		{E52F5DEF-74B4-7490-2952-5A8B2D084BAC}.Release|Any CPU.Build.0 = Release|Any CPU
		{BFFC861F-EB03-9F2B-E17A-10647BFF70F4}.Debug|Any CPU.ActiveCfg = Debug|Any CPU
		{BFFC861F-EB03-9F2B-E17A-10647BFF70F4}.Debug|Any CPU.Build.0 = Debug|Any CPU
		{BFFC861F-EB03-9F2B-E17A-10647BFF70F4}.Release|Any CPU.ActiveCfg = Release|Any CPU
		{BFFC861F-EB03-9F2B-E17A-10647BFF70F4}.Release|Any CPU.Build.0 = Release|Any CPU
		{5FDC0B11-945E-B4C9-B1C7-125CA3EBF3EF}.Debug|Any CPU.ActiveCfg = Debug|Any CPU
		{5FDC0B11-945E-B4C9-B1C7-125CA3EBF3EF}.Debug|Any CPU.Build.0 = Debug|Any CPU
		{5FDC0B11-945E-B4C9-B1C7-125CA3EBF3EF}.Release|Any CPU.ActiveCfg = Release|Any CPU
		{5FDC0B11-945E-B4C9-B1C7-125CA3EBF3EF}.Release|Any CPU.Build.0 = Release|Any CPU
		{08B48B34-AFD0-4B0E-47FF-56199769543D}.Debug|Any CPU.ActiveCfg = Debug|Any CPU
		{08B48B34-AFD0-4B0E-47FF-56199769543D}.Debug|Any CPU.Build.0 = Debug|Any CPU
		{08B48B34-AFD0-4B0E-47FF-56199769543D}.Release|Any CPU.ActiveCfg = Release|Any CPU
		{08B48B34-AFD0-4B0E-47FF-56199769543D}.Release|Any CPU.Build.0 = Release|Any CPU
		{ACC7B7F9-9EA4-B5AD-A2B3-3F1C0523C1A8}.Debug|Any CPU.ActiveCfg = Debug|Any CPU
		{ACC7B7F9-9EA4-B5AD-A2B3-3F1C0523C1A8}.Debug|Any CPU.Build.0 = Debug|Any CPU
		{ACC7B7F9-9EA4-B5AD-A2B3-3F1C0523C1A8}.Release|Any CPU.ActiveCfg = Release|Any CPU
		{ACC7B7F9-9EA4-B5AD-A2B3-3F1C0523C1A8}.Release|Any CPU.Build.0 = Release|Any CPU
		{2013C462-A569-7067-0B98-FA422E0A3879}.Debug|Any CPU.ActiveCfg = Debug|Any CPU
		{2013C462-A569-7067-0B98-FA422E0A3879}.Debug|Any CPU.Build.0 = Debug|Any CPU
		{2013C462-A569-7067-0B98-FA422E0A3879}.Release|Any CPU.ActiveCfg = Release|Any CPU
		{2013C462-A569-7067-0B98-FA422E0A3879}.Release|Any CPU.Build.0 = Release|Any CPU
		{3D801EA5-F838-BE1D-4C6B-994674DB475C}.Debug|Any CPU.ActiveCfg = Debug|Any CPU
		{3D801EA5-F838-BE1D-4C6B-994674DB475C}.Debug|Any CPU.Build.0 = Debug|Any CPU
		{3D801EA5-F838-BE1D-4C6B-994674DB475C}.Release|Any CPU.ActiveCfg = Release|Any CPU
		{3D801EA5-F838-BE1D-4C6B-994674DB475C}.Release|Any CPU.Build.0 = Release|Any CPU
		{39669D08-7C76-1585-828C-E7E49340F523}.Debug|Any CPU.ActiveCfg = Debug|Any CPU
		{39669D08-7C76-1585-828C-E7E49340F523}.Debug|Any CPU.Build.0 = Debug|Any CPU
		{39669D08-7C76-1585-828C-E7E49340F523}.Release|Any CPU.ActiveCfg = Release|Any CPU
		{39669D08-7C76-1585-828C-E7E49340F523}.Release|Any CPU.Build.0 = Release|Any CPU
		{3ECF751B-00D6-ABC3-2163-4FCE8FB6B732}.Debug|Any CPU.ActiveCfg = Debug|Any CPU
		{3ECF751B-00D6-ABC3-2163-4FCE8FB6B732}.Debug|Any CPU.Build.0 = Debug|Any CPU
		{3ECF751B-00D6-ABC3-2163-4FCE8FB6B732}.Release|Any CPU.ActiveCfg = Release|Any CPU
		{3ECF751B-00D6-ABC3-2163-4FCE8FB6B732}.Release|Any CPU.Build.0 = Release|Any CPU
		{67B9D605-09DC-8564-1625-C827C618CA19}.Debug|Any CPU.ActiveCfg = Debug|Any CPU
		{67B9D605-09DC-8564-1625-C827C618CA19}.Debug|Any CPU.Build.0 = Debug|Any CPU
		{67B9D605-09DC-8564-1625-C827C618CA19}.Release|Any CPU.ActiveCfg = Release|Any CPU
		{67B9D605-09DC-8564-1625-C827C618CA19}.Release|Any CPU.Build.0 = Release|Any CPU
		{1909E9DB-2170-F6DB-3998-3FA2231EBF18}.Debug|Any CPU.ActiveCfg = Debug|Any CPU
		{1909E9DB-2170-F6DB-3998-3FA2231EBF18}.Debug|Any CPU.Build.0 = Debug|Any CPU
		{1909E9DB-2170-F6DB-3998-3FA2231EBF18}.Release|Any CPU.ActiveCfg = Release|Any CPU
		{1909E9DB-2170-F6DB-3998-3FA2231EBF18}.Release|Any CPU.Build.0 = Release|Any CPU
		{266A45C5-A39E-3690-4756-11F3134C09F0}.Debug|Any CPU.ActiveCfg = Debug|Any CPU
		{266A45C5-A39E-3690-4756-11F3134C09F0}.Debug|Any CPU.Build.0 = Debug|Any CPU
		{266A45C5-A39E-3690-4756-11F3134C09F0}.Release|Any CPU.ActiveCfg = Release|Any CPU
		{266A45C5-A39E-3690-4756-11F3134C09F0}.Release|Any CPU.Build.0 = Release|Any CPU
		{61FDB8AA-3DAF-E8C4-E6D3-584182890BD7}.Debug|Any CPU.ActiveCfg = Debug|Any CPU
		{61FDB8AA-3DAF-E8C4-E6D3-584182890BD7}.Debug|Any CPU.Build.0 = Debug|Any CPU
		{61FDB8AA-3DAF-E8C4-E6D3-584182890BD7}.Release|Any CPU.ActiveCfg = Release|Any CPU
		{61FDB8AA-3DAF-E8C4-E6D3-584182890BD7}.Release|Any CPU.Build.0 = Release|Any CPU
		{3C21CB90-597F-818C-0C82-0B6D89A8CA6F}.Debug|Any CPU.ActiveCfg = Debug|Any CPU
		{3C21CB90-597F-818C-0C82-0B6D89A8CA6F}.Debug|Any CPU.Build.0 = Debug|Any CPU
		{3C21CB90-597F-818C-0C82-0B6D89A8CA6F}.Release|Any CPU.ActiveCfg = Release|Any CPU
		{3C21CB90-597F-818C-0C82-0B6D89A8CA6F}.Release|Any CPU.Build.0 = Release|Any CPU
		{E8666AC5-BA55-F3C8-10E6-570B5DD6DF7A}.Debug|Any CPU.ActiveCfg = Debug|Any CPU
		{E8666AC5-BA55-F3C8-10E6-570B5DD6DF7A}.Debug|Any CPU.Build.0 = Debug|Any CPU
		{E8666AC5-BA55-F3C8-10E6-570B5DD6DF7A}.Release|Any CPU.ActiveCfg = Release|Any CPU
		{E8666AC5-BA55-F3C8-10E6-570B5DD6DF7A}.Release|Any CPU.Build.0 = Release|Any CPU
		{8E6F9C3E-8351-365C-2124-EC7AC03A0C94}.Debug|Any CPU.ActiveCfg = Debug|Any CPU
		{8E6F9C3E-8351-365C-2124-EC7AC03A0C94}.Debug|Any CPU.Build.0 = Debug|Any CPU
		{8E6F9C3E-8351-365C-2124-EC7AC03A0C94}.Release|Any CPU.ActiveCfg = Release|Any CPU
		{8E6F9C3E-8351-365C-2124-EC7AC03A0C94}.Release|Any CPU.Build.0 = Release|Any CPU
		{0D023047-2877-FAC0-05DE-18F37F26D68F}.Debug|Any CPU.ActiveCfg = Debug|Any CPU
		{0D023047-2877-FAC0-05DE-18F37F26D68F}.Debug|Any CPU.Build.0 = Debug|Any CPU
		{0D023047-2877-FAC0-05DE-18F37F26D68F}.Release|Any CPU.ActiveCfg = Release|Any CPU
		{0D023047-2877-FAC0-05DE-18F37F26D68F}.Release|Any CPU.Build.0 = Release|Any CPU
		{B0FEE833-DB55-82A4-912F-526B6652983A}.Debug|Any CPU.ActiveCfg = Debug|Any CPU
		{B0FEE833-DB55-82A4-912F-526B6652983A}.Debug|Any CPU.Build.0 = Debug|Any CPU
		{B0FEE833-DB55-82A4-912F-526B6652983A}.Release|Any CPU.ActiveCfg = Release|Any CPU
		{B0FEE833-DB55-82A4-912F-526B6652983A}.Release|Any CPU.Build.0 = Release|Any CPU
		{F57F2527-BD1C-6223-42C9-0911E5F62796}.Debug|Any CPU.ActiveCfg = Debug|Any CPU
		{F57F2527-BD1C-6223-42C9-0911E5F62796}.Debug|Any CPU.Build.0 = Debug|Any CPU
		{F57F2527-BD1C-6223-42C9-0911E5F62796}.Release|Any CPU.ActiveCfg = Release|Any CPU
		{F57F2527-BD1C-6223-42C9-0911E5F62796}.Release|Any CPU.Build.0 = Release|Any CPU
		{A95B3CCA-0852-8206-3911-A82A8A3FDE9B}.Debug|Any CPU.ActiveCfg = Debug|Any CPU
		{A95B3CCA-0852-8206-3911-A82A8A3FDE9B}.Debug|Any CPU.Build.0 = Debug|Any CPU
		{A95B3CCA-0852-8206-3911-A82A8A3FDE9B}.Release|Any CPU.ActiveCfg = Release|Any CPU
		{A95B3CCA-0852-8206-3911-A82A8A3FDE9B}.Release|Any CPU.Build.0 = Release|Any CPU
		{E0176BF8-6BBE-6D43-4FC0-6337B305208C}.Debug|Any CPU.ActiveCfg = Debug|Any CPU
		{E0176BF8-6BBE-6D43-4FC0-6337B305208C}.Debug|Any CPU.Build.0 = Debug|Any CPU
		{E0176BF8-6BBE-6D43-4FC0-6337B305208C}.Release|Any CPU.ActiveCfg = Release|Any CPU
		{E0176BF8-6BBE-6D43-4FC0-6337B305208C}.Release|Any CPU.Build.0 = Release|Any CPU
		{AA195425-F811-DB75-A773-9EEAAA65A036}.Debug|Any CPU.ActiveCfg = Debug|Any CPU
		{AA195425-F811-DB75-A773-9EEAAA65A036}.Debug|Any CPU.Build.0 = Debug|Any CPU
		{AA195425-F811-DB75-A773-9EEAAA65A036}.Release|Any CPU.ActiveCfg = Release|Any CPU
		{AA195425-F811-DB75-A773-9EEAAA65A036}.Release|Any CPU.Build.0 = Release|Any CPU
		{1DECA08B-F29C-BD81-1F06-F2CD70155449}.Debug|Any CPU.ActiveCfg = Debug|Any CPU
		{1DECA08B-F29C-BD81-1F06-F2CD70155449}.Debug|Any CPU.Build.0 = Debug|Any CPU
		{1DECA08B-F29C-BD81-1F06-F2CD70155449}.Release|Any CPU.ActiveCfg = Release|Any CPU
		{1DECA08B-F29C-BD81-1F06-F2CD70155449}.Release|Any CPU.Build.0 = Release|Any CPU
		{58A81F05-BCFB-1F98-9CFC-CC0A4470B529}.Debug|Any CPU.ActiveCfg = Debug|Any CPU
		{58A81F05-BCFB-1F98-9CFC-CC0A4470B529}.Debug|Any CPU.Build.0 = Debug|Any CPU
		{58A81F05-BCFB-1F98-9CFC-CC0A4470B529}.Release|Any CPU.ActiveCfg = Release|Any CPU
		{58A81F05-BCFB-1F98-9CFC-CC0A4470B529}.Release|Any CPU.Build.0 = Release|Any CPU
		{F4DC063B-FA13-A2CE-9C41-40795F6B0DAC}.Debug|Any CPU.ActiveCfg = Debug|Any CPU
		{F4DC063B-FA13-A2CE-9C41-40795F6B0DAC}.Debug|Any CPU.Build.0 = Debug|Any CPU
		{F4DC063B-FA13-A2CE-9C41-40795F6B0DAC}.Release|Any CPU.ActiveCfg = Release|Any CPU
		{F4DC063B-FA13-A2CE-9C41-40795F6B0DAC}.Release|Any CPU.Build.0 = Release|Any CPU
		{9AD2273E-0893-3033-924E-0AF79E6E72DC}.Debug|Any CPU.ActiveCfg = Debug|Any CPU
		{9AD2273E-0893-3033-924E-0AF79E6E72DC}.Debug|Any CPU.Build.0 = Debug|Any CPU
		{9AD2273E-0893-3033-924E-0AF79E6E72DC}.Release|Any CPU.ActiveCfg = Release|Any CPU
		{9AD2273E-0893-3033-924E-0AF79E6E72DC}.Release|Any CPU.Build.0 = Release|Any CPU
		{58C3790B-477B-39DD-B5B0-6F08D4156EF7}.Debug|Any CPU.ActiveCfg = Debug|Any CPU
		{58C3790B-477B-39DD-B5B0-6F08D4156EF7}.Debug|Any CPU.Build.0 = Debug|Any CPU
		{58C3790B-477B-39DD-B5B0-6F08D4156EF7}.Release|Any CPU.ActiveCfg = Release|Any CPU
		{58C3790B-477B-39DD-B5B0-6F08D4156EF7}.Release|Any CPU.Build.0 = Release|Any CPU
		{37D2F35A-B9B8-4FA7-70AD-784D73ED7BAD}.Debug|Any CPU.ActiveCfg = Debug|Any CPU
		{37D2F35A-B9B8-4FA7-70AD-784D73ED7BAD}.Debug|Any CPU.Build.0 = Debug|Any CPU
		{37D2F35A-B9B8-4FA7-70AD-784D73ED7BAD}.Release|Any CPU.ActiveCfg = Release|Any CPU
		{37D2F35A-B9B8-4FA7-70AD-784D73ED7BAD}.Release|Any CPU.Build.0 = Release|Any CPU
		{F9A456B0-CEC0-C099-DDE8-4B3AC68D118A}.Debug|Any CPU.ActiveCfg = Debug|Any CPU
		{F9A456B0-CEC0-C099-DDE8-4B3AC68D118A}.Debug|Any CPU.Build.0 = Debug|Any CPU
		{F9A456B0-CEC0-C099-DDE8-4B3AC68D118A}.Release|Any CPU.ActiveCfg = Release|Any CPU
		{F9A456B0-CEC0-C099-DDE8-4B3AC68D118A}.Release|Any CPU.Build.0 = Release|Any CPU
		{FF8BA0C9-0F47-D1BB-745E-80D9AF674E65}.Debug|Any CPU.ActiveCfg = Debug|Any CPU
		{FF8BA0C9-0F47-D1BB-745E-80D9AF674E65}.Debug|Any CPU.Build.0 = Debug|Any CPU
		{FF8BA0C9-0F47-D1BB-745E-80D9AF674E65}.Release|Any CPU.ActiveCfg = Release|Any CPU
		{FF8BA0C9-0F47-D1BB-745E-80D9AF674E65}.Release|Any CPU.Build.0 = Release|Any CPU
		{70137427-5CA2-B532-1CA3-A5967568F8E3}.Debug|Any CPU.ActiveCfg = Debug|Any CPU
		{70137427-5CA2-B532-1CA3-A5967568F8E3}.Debug|Any CPU.Build.0 = Debug|Any CPU
		{70137427-5CA2-B532-1CA3-A5967568F8E3}.Release|Any CPU.ActiveCfg = Release|Any CPU
		{70137427-5CA2-B532-1CA3-A5967568F8E3}.Release|Any CPU.Build.0 = Release|Any CPU
		{1894B8CE-45A7-A94D-D411-FFB1B58DD9EE}.Debug|Any CPU.ActiveCfg = Debug|Any CPU
		{1894B8CE-45A7-A94D-D411-FFB1B58DD9EE}.Debug|Any CPU.Build.0 = Debug|Any CPU
		{1894B8CE-45A7-A94D-D411-FFB1B58DD9EE}.Release|Any CPU.ActiveCfg = Release|Any CPU
		{1894B8CE-45A7-A94D-D411-FFB1B58DD9EE}.Release|Any CPU.Build.0 = Release|Any CPU
		{146983CE-2C3D-1115-BA68-9DDB2E67D661}.Debug|Any CPU.ActiveCfg = Debug|Any CPU
		{146983CE-2C3D-1115-BA68-9DDB2E67D661}.Debug|Any CPU.Build.0 = Debug|Any CPU
		{146983CE-2C3D-1115-BA68-9DDB2E67D661}.Release|Any CPU.ActiveCfg = Release|Any CPU
		{146983CE-2C3D-1115-BA68-9DDB2E67D661}.Release|Any CPU.Build.0 = Release|Any CPU
		{726FDEC9-DF38-C4F2-9FC0-DC4E5CC2EC06}.Debug|Any CPU.ActiveCfg = Debug|Any CPU
		{726FDEC9-DF38-C4F2-9FC0-DC4E5CC2EC06}.Debug|Any CPU.Build.0 = Debug|Any CPU
		{726FDEC9-DF38-C4F2-9FC0-DC4E5CC2EC06}.Release|Any CPU.ActiveCfg = Release|Any CPU
		{726FDEC9-DF38-C4F2-9FC0-DC4E5CC2EC06}.Release|Any CPU.Build.0 = Release|Any CPU
		{F15CCFAD-76E7-4A36-4392-2D8969CD17A1}.Debug|Any CPU.ActiveCfg = Debug|Any CPU
		{F15CCFAD-76E7-4A36-4392-2D8969CD17A1}.Debug|Any CPU.Build.0 = Debug|Any CPU
		{F15CCFAD-76E7-4A36-4392-2D8969CD17A1}.Release|Any CPU.ActiveCfg = Release|Any CPU
		{F15CCFAD-76E7-4A36-4392-2D8969CD17A1}.Release|Any CPU.Build.0 = Release|Any CPU
		{04941B08-F942-394C-7754-36ED3B871C00}.Debug|Any CPU.ActiveCfg = Debug|Any CPU
		{04941B08-F942-394C-7754-36ED3B871C00}.Debug|Any CPU.Build.0 = Debug|Any CPU
		{04941B08-F942-394C-7754-36ED3B871C00}.Release|Any CPU.ActiveCfg = Release|Any CPU
		{04941B08-F942-394C-7754-36ED3B871C00}.Release|Any CPU.Build.0 = Release|Any CPU
		{3CF4C014-E53B-E648-8681-711A71A772B7}.Debug|Any CPU.ActiveCfg = Debug|Any CPU
		{3CF4C014-E53B-E648-8681-711A71A772B7}.Debug|Any CPU.Build.0 = Debug|Any CPU
		{3CF4C014-E53B-E648-8681-711A71A772B7}.Release|Any CPU.ActiveCfg = Release|Any CPU
		{3CF4C014-E53B-E648-8681-711A71A772B7}.Release|Any CPU.Build.0 = Release|Any CPU
		{9C4B2DAF-2F72-AE4B-B109-C31D0C393DCE}.Debug|Any CPU.ActiveCfg = Debug|Any CPU
		{9C4B2DAF-2F72-AE4B-B109-C31D0C393DCE}.Debug|Any CPU.Build.0 = Debug|Any CPU
		{9C4B2DAF-2F72-AE4B-B109-C31D0C393DCE}.Release|Any CPU.ActiveCfg = Release|Any CPU
		{9C4B2DAF-2F72-AE4B-B109-C31D0C393DCE}.Release|Any CPU.Build.0 = Release|Any CPU
		{C8BE0A17-1115-17DD-7EDA-F454D8045EA4}.Debug|Any CPU.ActiveCfg = Debug|Any CPU
		{C8BE0A17-1115-17DD-7EDA-F454D8045EA4}.Debug|Any CPU.Build.0 = Debug|Any CPU
		{C8BE0A17-1115-17DD-7EDA-F454D8045EA4}.Release|Any CPU.ActiveCfg = Release|Any CPU
		{C8BE0A17-1115-17DD-7EDA-F454D8045EA4}.Release|Any CPU.Build.0 = Release|Any CPU
		{95331C35-4A3A-2414-C2D8-1BBE359C4590}.Debug|Any CPU.ActiveCfg = Debug|Any CPU
		{95331C35-4A3A-2414-C2D8-1BBE359C4590}.Debug|Any CPU.Build.0 = Debug|Any CPU
		{95331C35-4A3A-2414-C2D8-1BBE359C4590}.Release|Any CPU.ActiveCfg = Release|Any CPU
		{95331C35-4A3A-2414-C2D8-1BBE359C4590}.Release|Any CPU.Build.0 = Release|Any CPU
		{F8669DE5-0FDF-8856-0073-5237BE6DDD9B}.Debug|Any CPU.ActiveCfg = Debug|Any CPU
		{F8669DE5-0FDF-8856-0073-5237BE6DDD9B}.Debug|Any CPU.Build.0 = Debug|Any CPU
		{F8669DE5-0FDF-8856-0073-5237BE6DDD9B}.Release|Any CPU.ActiveCfg = Release|Any CPU
		{F8669DE5-0FDF-8856-0073-5237BE6DDD9B}.Release|Any CPU.Build.0 = Release|Any CPU
		{9B499809-8919-3102-6C1B-DF9D07C2E1B4}.Debug|Any CPU.ActiveCfg = Debug|Any CPU
		{9B499809-8919-3102-6C1B-DF9D07C2E1B4}.Debug|Any CPU.Build.0 = Debug|Any CPU
		{9B499809-8919-3102-6C1B-DF9D07C2E1B4}.Release|Any CPU.ActiveCfg = Release|Any CPU
		{9B499809-8919-3102-6C1B-DF9D07C2E1B4}.Release|Any CPU.Build.0 = Release|Any CPU
		{610A1F1E-24D1-7A6F-4150-99AFC9439F5B}.Debug|Any CPU.ActiveCfg = Debug|Any CPU
		{610A1F1E-24D1-7A6F-4150-99AFC9439F5B}.Debug|Any CPU.Build.0 = Debug|Any CPU
		{610A1F1E-24D1-7A6F-4150-99AFC9439F5B}.Release|Any CPU.ActiveCfg = Release|Any CPU
		{610A1F1E-24D1-7A6F-4150-99AFC9439F5B}.Release|Any CPU.Build.0 = Release|Any CPU
		{3BA8448A-49B3-D3B3-D44C-0C36B5A71789}.Debug|Any CPU.ActiveCfg = Debug|Any CPU
		{3BA8448A-49B3-D3B3-D44C-0C36B5A71789}.Debug|Any CPU.Build.0 = Debug|Any CPU
		{3BA8448A-49B3-D3B3-D44C-0C36B5A71789}.Release|Any CPU.ActiveCfg = Release|Any CPU
		{3BA8448A-49B3-D3B3-D44C-0C36B5A71789}.Release|Any CPU.Build.0 = Release|Any CPU
		{9ECBB68D-87BC-8716-6DEA-6E5330436B5B}.Debug|Any CPU.ActiveCfg = Debug|Any CPU
		{9ECBB68D-87BC-8716-6DEA-6E5330436B5B}.Debug|Any CPU.Build.0 = Debug|Any CPU
		{9ECBB68D-87BC-8716-6DEA-6E5330436B5B}.Release|Any CPU.ActiveCfg = Release|Any CPU
		{9ECBB68D-87BC-8716-6DEA-6E5330436B5B}.Release|Any CPU.Build.0 = Release|Any CPU
		{15334E72-E659-D2D6-DA75-A3703B75B02F}.Debug|Any CPU.ActiveCfg = Debug|Any CPU
		{15334E72-E659-D2D6-DA75-A3703B75B02F}.Debug|Any CPU.Build.0 = Debug|Any CPU
		{15334E72-E659-D2D6-DA75-A3703B75B02F}.Release|Any CPU.ActiveCfg = Release|Any CPU
		{15334E72-E659-D2D6-DA75-A3703B75B02F}.Release|Any CPU.Build.0 = Release|Any CPU
		{20D1399A-75B4-FB00-2EAC-D539F90CC0A6}.Debug|Any CPU.ActiveCfg = Debug|Any CPU
		{20D1399A-75B4-FB00-2EAC-D539F90CC0A6}.Debug|Any CPU.Build.0 = Debug|Any CPU
		{20D1399A-75B4-FB00-2EAC-D539F90CC0A6}.Release|Any CPU.ActiveCfg = Release|Any CPU
		{20D1399A-75B4-FB00-2EAC-D539F90CC0A6}.Release|Any CPU.Build.0 = Release|Any CPU
		{BD6B57FE-9168-AE7E-4215-B546B37F79E7}.Debug|Any CPU.ActiveCfg = Debug|Any CPU
		{BD6B57FE-9168-AE7E-4215-B546B37F79E7}.Debug|Any CPU.Build.0 = Debug|Any CPU
		{BD6B57FE-9168-AE7E-4215-B546B37F79E7}.Release|Any CPU.ActiveCfg = Release|Any CPU
		{BD6B57FE-9168-AE7E-4215-B546B37F79E7}.Release|Any CPU.Build.0 = Release|Any CPU
		{1EF9D8A1-B442-0D3C-7423-CA365BD51201}.Debug|Any CPU.ActiveCfg = Debug|Any CPU
		{1EF9D8A1-B442-0D3C-7423-CA365BD51201}.Debug|Any CPU.Build.0 = Debug|Any CPU
		{1EF9D8A1-B442-0D3C-7423-CA365BD51201}.Release|Any CPU.ActiveCfg = Release|Any CPU
		{1EF9D8A1-B442-0D3C-7423-CA365BD51201}.Release|Any CPU.Build.0 = Release|Any CPU
		{DEDE599B-1513-93C5-2F88-F324AD9E5F75}.Debug|Any CPU.ActiveCfg = Debug|Any CPU
		{DEDE599B-1513-93C5-2F88-F324AD9E5F75}.Debug|Any CPU.Build.0 = Debug|Any CPU
		{DEDE599B-1513-93C5-2F88-F324AD9E5F75}.Release|Any CPU.ActiveCfg = Release|Any CPU
		{DEDE599B-1513-93C5-2F88-F324AD9E5F75}.Release|Any CPU.Build.0 = Release|Any CPU
		{8E1C5A32-A23A-0A3E-659D-0282E832998E}.Debug|Any CPU.ActiveCfg = Debug|Any CPU
		{8E1C5A32-A23A-0A3E-659D-0282E832998E}.Debug|Any CPU.Build.0 = Debug|Any CPU
		{8E1C5A32-A23A-0A3E-659D-0282E832998E}.Release|Any CPU.ActiveCfg = Release|Any CPU
		{8E1C5A32-A23A-0A3E-659D-0282E832998E}.Release|Any CPU.Build.0 = Release|Any CPU
		{CB0355F5-A6A7-DBEC-6D75-19698FECE127}.Debug|Any CPU.ActiveCfg = Debug|Any CPU
		{CB0355F5-A6A7-DBEC-6D75-19698FECE127}.Debug|Any CPU.Build.0 = Debug|Any CPU
		{CB0355F5-A6A7-DBEC-6D75-19698FECE127}.Release|Any CPU.ActiveCfg = Release|Any CPU
		{CB0355F5-A6A7-DBEC-6D75-19698FECE127}.Release|Any CPU.Build.0 = Release|Any CPU
	EndGlobalSection
	GlobalSection(SolutionProperties) = preSolution
		HideSolutionNode = FALSE
	EndGlobalSection
EndGlobal
